// !$*UTF8*$!
{
	archiveVersion = 1;
	classes = {
	};
	objectVersion = 55;
	objects = {

/* Begin PBXBuildFile section */
		46837583285623AC00FD4254 /* ContainerModel.xcdatamodeld in Sources */ = {isa = PBXBuildFile; fileRef = 46837581285623AC00FD4254 /* ContainerModel.xcdatamodeld */; };
		46AAC6D6285546BF008BABCE /* CoreDataManagerApp.swift in Sources */ = {isa = PBXBuildFile; fileRef = 46AAC6D5285546BF008BABCE /* CoreDataManagerApp.swift */; };
		46AAC6DA285546C2008BABCE /* Assets.xcassets in Resources */ = {isa = PBXBuildFile; fileRef = 46AAC6D9285546C2008BABCE /* Assets.xcassets */; };
		46AAC6DD285546C2008BABCE /* Preview Assets.xcassets in Resources */ = {isa = PBXBuildFile; fileRef = 46AAC6DC285546C2008BABCE /* Preview Assets.xcassets */; };
		46AAC6ED28554B3B008BABCE /* CoreDataManager.swift in Sources */ = {isa = PBXBuildFile; fileRef = 46AAC6EC28554B3B008BABCE /* CoreDataManager.swift */; };
		46AAC6EF285555EB008BABCE /* ICoreDataManager.swift in Sources */ = {isa = PBXBuildFile; fileRef = 46AAC6EE285555EB008BABCE /* ICoreDataManager.swift */; };
		46AAC6F228561418008BABCE /* ExampleView.swift in Sources */ = {isa = PBXBuildFile; fileRef = 46AAC6F128561418008BABCE /* ExampleView.swift */; };
/* End PBXBuildFile section */

/* Begin PBXFileReference section */
		46837582285623AC00FD4254 /* ContainerModel.xcdatamodel */ = {isa = PBXFileReference; lastKnownFileType = wrapper.xcdatamodel; path = ContainerModel.xcdatamodel; sourceTree = "<group>"; };
		46AAC6D2285546BF008BABCE /* CoreDataManager.app */ = {isa = PBXFileReference; explicitFileType = wrapper.application; includeInIndex = 0; path = CoreDataManager.app; sourceTree = BUILT_PRODUCTS_DIR; };
		46AAC6D5285546BF008BABCE /* CoreDataManagerApp.swift */ = {isa = PBXFileReference; lastKnownFileType = sourcecode.swift; path = CoreDataManagerApp.swift; sourceTree = "<group>"; };
		46AAC6D9285546C2008BABCE /* Assets.xcassets */ = {isa = PBXFileReference; lastKnownFileType = folder.assetcatalog; path = Assets.xcassets; sourceTree = "<group>"; };
		46AAC6DC285546C2008BABCE /* Preview Assets.xcassets */ = {isa = PBXFileReference; lastKnownFileType = folder.assetcatalog; path = "Preview Assets.xcassets"; sourceTree = "<group>"; };
		46AAC6EC28554B3B008BABCE /* CoreDataManager.swift */ = {isa = PBXFileReference; lastKnownFileType = sourcecode.swift; path = CoreDataManager.swift; sourceTree = "<group>"; };
		46AAC6EE285555EB008BABCE /* ICoreDataManager.swift */ = {isa = PBXFileReference; lastKnownFileType = sourcecode.swift; path = ICoreDataManager.swift; sourceTree = "<group>"; };
		46AAC6F128561418008BABCE /* ExampleView.swift */ = {isa = PBXFileReference; lastKnownFileType = sourcecode.swift; path = ExampleView.swift; sourceTree = "<group>"; };
/* End PBXFileReference section */

/* Begin PBXFrameworksBuildPhase section */
		46AAC6CF285546BF008BABCE /* Frameworks */ = {
			isa = PBXFrameworksBuildPhase;
			buildActionMask = 2147483647;
			files = (
			);
			runOnlyForDeploymentPostprocessing = 0;
		};
/* End PBXFrameworksBuildPhase section */

/* Begin PBXGroup section */
		46AAC6C9285546BE008BABCE = {
			isa = PBXGroup;
			children = (
				46AAC6D4285546BF008BABCE /* CoreDataManager */,
				46AAC6D3285546BF008BABCE /* Products */,
			);
			sourceTree = "<group>";
		};
		46AAC6D3285546BF008BABCE /* Products */ = {
			isa = PBXGroup;
			children = (
				46AAC6D2285546BF008BABCE /* CoreDataManager.app */,
			);
			name = Products;
			sourceTree = "<group>";
		};
		46AAC6D4285546BF008BABCE /* CoreDataManager */ = {
			isa = PBXGroup;
			children = (
				46AAC6F0285613FA008BABCE /* Example */,
				46AAC6E928554A76008BABCE /* Manager */,
				46AAC6D5285546BF008BABCE /* CoreDataManagerApp.swift */,
				46AAC6D9285546C2008BABCE /* Assets.xcassets */,
				46AAC6DB285546C2008BABCE /* Preview Content */,
				46837581285623AC00FD4254 /* ContainerModel.xcdatamodeld */,
			);
			path = CoreDataManager;
			sourceTree = "<group>";
		};
		46AAC6DB285546C2008BABCE /* Preview Content */ = {
			isa = PBXGroup;
			children = (
				46AAC6DC285546C2008BABCE /* Preview Assets.xcassets */,
			);
			path = "Preview Content";
			sourceTree = "<group>";
		};
		46AAC6E928554A76008BABCE /* Manager */ = {
			isa = PBXGroup;
			children = (
				46AAC6EC28554B3B008BABCE /* CoreDataManager.swift */,
				46AAC6EE285555EB008BABCE /* ICoreDataManager.swift */,
			);
			path = Manager;
			sourceTree = "<group>";
		};
		46AAC6F0285613FA008BABCE /* Example */ = {
			isa = PBXGroup;
			children = (
				46AAC6F128561418008BABCE /* ExampleView.swift */,
			);
			path = Example;
			sourceTree = "<group>";
		};
/* End PBXGroup section */

/* Begin PBXNativeTarget section */
		46AAC6D1285546BF008BABCE /* CoreDataManager */ = {
			isa = PBXNativeTarget;
			buildConfigurationList = 46AAC6E5285546C2008BABCE /* Build configuration list for PBXNativeTarget "CoreDataManager" */;
			buildPhases = (
				46AAC6CE285546BF008BABCE /* Sources */,
				46AAC6CF285546BF008BABCE /* Frameworks */,
				46AAC6D0285546BF008BABCE /* Resources */,
			);
			buildRules = (
			);
			dependencies = (
			);
			name = CoreDataManager;
			productName = CoreDataManager;
			productReference = 46AAC6D2285546BF008BABCE /* CoreDataManager.app */;
			productType = "com.apple.product-type.application";
		};
/* End PBXNativeTarget section */

/* Begin PBXProject section */
		46AAC6CA285546BE008BABCE /* Project object */ = {
			isa = PBXProject;
			attributes = {
				BuildIndependentTargetsInParallel = 1;
				LastSwiftUpdateCheck = 1330;
				LastUpgradeCheck = 1330;
				TargetAttributes = {
					46AAC6D1285546BF008BABCE = {
						CreatedOnToolsVersion = 13.3;
					};
				};
			};
			buildConfigurationList = 46AAC6CD285546BE008BABCE /* Build configuration list for PBXProject "CoreDataManager" */;
			compatibilityVersion = "Xcode 13.0";
			developmentRegion = en;
			hasScannedForEncodings = 0;
			knownRegions = (
				en,
				Base,
			);
			mainGroup = 46AAC6C9285546BE008BABCE;
			productRefGroup = 46AAC6D3285546BF008BABCE /* Products */;
			projectDirPath = "";
			projectRoot = "";
			targets = (
				46AAC6D1285546BF008BABCE /* CoreDataManager */,
			);
		};
/* End PBXProject section */

/* Begin PBXResourcesBuildPhase section */
		46AAC6D0285546BF008BABCE /* Resources */ = {
			isa = PBXResourcesBuildPhase;
			buildActionMask = 2147483647;
			files = (
				46AAC6DD285546C2008BABCE /* Preview Assets.xcassets in Resources */,
				46AAC6DA285546C2008BABCE /* Assets.xcassets in Resources */,
			);
			runOnlyForDeploymentPostprocessing = 0;
		};
/* End PBXResourcesBuildPhase section */

/* Begin PBXSourcesBuildPhase section */
		46AAC6CE285546BF008BABCE /* Sources */ = {
			isa = PBXSourcesBuildPhase;
			buildActionMask = 2147483647;
			files = (
				46AAC6ED28554B3B008BABCE /* CoreDataManager.swift in Sources */,
				46837583285623AC00FD4254 /* ContainerModel.xcdatamodeld in Sources */,
				46AAC6EF285555EB008BABCE /* ICoreDataManager.swift in Sources */,
				46AAC6D6285546BF008BABCE /* CoreDataManagerApp.swift in Sources */,
				46AAC6F228561418008BABCE /* ExampleView.swift in Sources */,
			);
			runOnlyForDeploymentPostprocessing = 0;
		};
/* End PBXSourcesBuildPhase section */

/* Begin XCBuildConfiguration section */
		46AAC6E3285546C2008BABCE /* Debug */ = {
			isa = XCBuildConfiguration;
			buildSettings = {
				ALWAYS_SEARCH_USER_PATHS = NO;
				CLANG_ANALYZER_NONNULL = YES;
				CLANG_ANALYZER_NUMBER_OBJECT_CONVERSION = YES_AGGRESSIVE;
				CLANG_CXX_LANGUAGE_STANDARD = "gnu++17";
				CLANG_ENABLE_MODULES = YES;
				CLANG_ENABLE_OBJC_ARC = YES;
				CLANG_ENABLE_OBJC_WEAK = YES;
				CLANG_WARN_BLOCK_CAPTURE_AUTORELEASING = YES;
				CLANG_WARN_BOOL_CONVERSION = YES;
				CLANG_WARN_COMMA = YES;
				CLANG_WARN_CONSTANT_CONVERSION = YES;
				CLANG_WARN_DEPRECATED_OBJC_IMPLEMENTATIONS = YES;
				CLANG_WARN_DIRECT_OBJC_ISA_USAGE = YES_ERROR;
				CLANG_WARN_DOCUMENTATION_COMMENTS = YES;
				CLANG_WARN_EMPTY_BODY = YES;
				CLANG_WARN_ENUM_CONVERSION = YES;
				CLANG_WARN_INFINITE_RECURSION = YES;
				CLANG_WARN_INT_CONVERSION = YES;
				CLANG_WARN_NON_LITERAL_NULL_CONVERSION = YES;
				CLANG_WARN_OBJC_IMPLICIT_RETAIN_SELF = YES;
				CLANG_WARN_OBJC_LITERAL_CONVERSION = YES;
				CLANG_WARN_OBJC_ROOT_CLASS = YES_ERROR;
				CLANG_WARN_QUOTED_INCLUDE_IN_FRAMEWORK_HEADER = YES;
				CLANG_WARN_RANGE_LOOP_ANALYSIS = YES;
				CLANG_WARN_STRICT_PROTOTYPES = YES;
				CLANG_WARN_SUSPICIOUS_MOVE = YES;
				CLANG_WARN_UNGUARDED_AVAILABILITY = YES_AGGRESSIVE;
				CLANG_WARN_UNREACHABLE_CODE = YES;
				CLANG_WARN__DUPLICATE_METHOD_MATCH = YES;
				COPY_PHASE_STRIP = NO;
				DEBUG_INFORMATION_FORMAT = dwarf;
				ENABLE_STRICT_OBJC_MSGSEND = YES;
				ENABLE_TESTABILITY = YES;
				GCC_C_LANGUAGE_STANDARD = gnu11;
				GCC_DYNAMIC_NO_PIC = NO;
				GCC_NO_COMMON_BLOCKS = YES;
				GCC_OPTIMIZATION_LEVEL = 0;
				GCC_PREPROCESSOR_DEFINITIONS = (
					"DEBUG=1",
					"$(inherited)",
				);
				GCC_WARN_64_TO_32_BIT_CONVERSION = YES;
				GCC_WARN_ABOUT_RETURN_TYPE = YES_ERROR;
				GCC_WARN_UNDECLARED_SELECTOR = YES;
				GCC_WARN_UNINITIALIZED_AUTOS = YES_AGGRESSIVE;
				GCC_WARN_UNUSED_FUNCTION = YES;
				GCC_WARN_UNUSED_VARIABLE = YES;
				IPHONEOS_DEPLOYMENT_TARGET = 15.4;
				MTL_ENABLE_DEBUG_INFO = INCLUDE_SOURCE;
				MTL_FAST_MATH = YES;
				ONLY_ACTIVE_ARCH = YES;
				SDKROOT = iphoneos;
				SWIFT_ACTIVE_COMPILATION_CONDITIONS = DEBUG;
				SWIFT_OPTIMIZATION_LEVEL = "-Onone";
			};
			name = Debug;
		};
		46AAC6E4285546C2008BABCE /* Release */ = {
			isa = XCBuildConfiguration;
			buildSettings = {
				ALWAYS_SEARCH_USER_PATHS = NO;
				CLANG_ANALYZER_NONNULL = YES;
				CLANG_ANALYZER_NUMBER_OBJECT_CONVERSION = YES_AGGRESSIVE;
				CLANG_CXX_LANGUAGE_STANDARD = "gnu++17";
				CLANG_ENABLE_MODULES = YES;
				CLANG_ENABLE_OBJC_ARC = YES;
				CLANG_ENABLE_OBJC_WEAK = YES;
				CLANG_WARN_BLOCK_CAPTURE_AUTORELEASING = YES;
				CLANG_WARN_BOOL_CONVERSION = YES;
				CLANG_WARN_COMMA = YES;
				CLANG_WARN_CONSTANT_CONVERSION = YES;
				CLANG_WARN_DEPRECATED_OBJC_IMPLEMENTATIONS = YES;
				CLANG_WARN_DIRECT_OBJC_ISA_USAGE = YES_ERROR;
				CLANG_WARN_DOCUMENTATION_COMMENTS = YES;
				CLANG_WARN_EMPTY_BODY = YES;
				CLANG_WARN_ENUM_CONVERSION = YES;
				CLANG_WARN_INFINITE_RECURSION = YES;
				CLANG_WARN_INT_CONVERSION = YES;
				CLANG_WARN_NON_LITERAL_NULL_CONVERSION = YES;
				CLANG_WARN_OBJC_IMPLICIT_RETAIN_SELF = YES;
				CLANG_WARN_OBJC_LITERAL_CONVERSION = YES;
				CLANG_WARN_OBJC_ROOT_CLASS = YES_ERROR;
				CLANG_WARN_QUOTED_INCLUDE_IN_FRAMEWORK_HEADER = YES;
				CLANG_WARN_RANGE_LOOP_ANALYSIS = YES;
				CLANG_WARN_STRICT_PROTOTYPES = YES;
				CLANG_WARN_SUSPICIOUS_MOVE = YES;
				CLANG_WARN_UNGUARDED_AVAILABILITY = YES_AGGRESSIVE;
				CLANG_WARN_UNREACHABLE_CODE = YES;
				CLANG_WARN__DUPLICATE_METHOD_MATCH = YES;
				COPY_PHASE_STRIP = NO;
				DEBUG_INFORMATION_FORMAT = "dwarf-with-dsym";
				ENABLE_NS_ASSERTIONS = NO;
				ENABLE_STRICT_OBJC_MSGSEND = YES;
				GCC_C_LANGUAGE_STANDARD = gnu11;
				GCC_NO_COMMON_BLOCKS = YES;
				GCC_WARN_64_TO_32_BIT_CONVERSION = YES;
				GCC_WARN_ABOUT_RETURN_TYPE = YES_ERROR;
				GCC_WARN_UNDECLARED_SELECTOR = YES;
				GCC_WARN_UNINITIALIZED_AUTOS = YES_AGGRESSIVE;
				GCC_WARN_UNUSED_FUNCTION = YES;
				GCC_WARN_UNUSED_VARIABLE = YES;
				IPHONEOS_DEPLOYMENT_TARGET = 15.4;
				MTL_ENABLE_DEBUG_INFO = NO;
				MTL_FAST_MATH = YES;
				SDKROOT = iphoneos;
				SWIFT_COMPILATION_MODE = wholemodule;
				SWIFT_OPTIMIZATION_LEVEL = "-O";
				VALIDATE_PRODUCT = YES;
			};
			name = Release;
		};
		46AAC6E6285546C2008BABCE /* Debug */ = {
			isa = XCBuildConfiguration;
			buildSettings = {
				ASSETCATALOG_COMPILER_APPICON_NAME = AppIcon;
				ASSETCATALOG_COMPILER_GLOBAL_ACCENT_COLOR_NAME = AccentColor;
				CODE_SIGN_STYLE = Automatic;
				CURRENT_PROJECT_VERSION = 1;
				DEVELOPMENT_ASSET_PATHS = "\"CoreDataManager/Preview Content\"";
				DEVELOPMENT_TEAM = 348T9RAC33;
				ENABLE_PREVIEWS = YES;
				GENERATE_INFOPLIST_FILE = YES;
				INFOPLIST_KEY_UIApplicationSceneManifest_Generation = YES;
				INFOPLIST_KEY_UIApplicationSupportsIndirectInputEvents = YES;
				INFOPLIST_KEY_UILaunchScreen_Generation = YES;
				INFOPLIST_KEY_UISupportedInterfaceOrientations_iPad = "UIInterfaceOrientationPortrait UIInterfaceOrientationPortraitUpsideDown UIInterfaceOrientationLandscapeLeft UIInterfaceOrientationLandscapeRight";
				INFOPLIST_KEY_UISupportedInterfaceOrientations_iPhone = "UIInterfaceOrientationPortrait UIInterfaceOrientationLandscapeLeft UIInterfaceOrientationLandscapeRight";
				LD_RUNPATH_SEARCH_PATHS = (
					"$(inherited)",
					"@executable_path/Frameworks",
				);
				MARKETING_VERSION = 1.0;
				PRODUCT_BUNDLE_IDENTIFIER = com.meatlanosrep.CoreDataManager;
				PRODUCT_NAME = "$(TARGET_NAME)";
				SWIFT_EMIT_LOC_STRINGS = YES;
				SWIFT_VERSION = 5.0;
				TARGETED_DEVICE_FAMILY = "1,2";
			};
			name = Debug;
		};
		46AAC6E7285546C2008BABCE /* Release */ = {
			isa = XCBuildConfiguration;
			buildSettings = {
				ASSETCATALOG_COMPILER_APPICON_NAME = AppIcon;
				ASSETCATALOG_COMPILER_GLOBAL_ACCENT_COLOR_NAME = AccentColor;
				CODE_SIGN_STYLE = Automatic;
				CURRENT_PROJECT_VERSION = 1;
				DEVELOPMENT_ASSET_PATHS = "\"CoreDataManager/Preview Content\"";
				DEVELOPMENT_TEAM = 348T9RAC33;
				ENABLE_PREVIEWS = YES;
				GENERATE_INFOPLIST_FILE = YES;
				INFOPLIST_KEY_UIApplicationSceneManifest_Generation = YES;
				INFOPLIST_KEY_UIApplicationSupportsIndirectInputEvents = YES;
				INFOPLIST_KEY_UILaunchScreen_Generation = YES;
				INFOPLIST_KEY_UISupportedInterfaceOrientations_iPad = "UIInterfaceOrientationPortrait UIInterfaceOrientationPortraitUpsideDown UIInterfaceOrientationLandscapeLeft UIInterfaceOrientationLandscapeRight";
				INFOPLIST_KEY_UISupportedInterfaceOrientations_iPhone = "UIInterfaceOrientationPortrait UIInterfaceOrientationLandscapeLeft UIInterfaceOrientationLandscapeRight";
				LD_RUNPATH_SEARCH_PATHS = (
					"$(inherited)",
					"@executable_path/Frameworks",
				);
				MARKETING_VERSION = 1.0;
				PRODUCT_BUNDLE_IDENTIFIER = com.meatlanosrep.CoreDataManager;
				PRODUCT_NAME = "$(TARGET_NAME)";
				SWIFT_EMIT_LOC_STRINGS = YES;
				SWIFT_VERSION = 5.0;
				TARGETED_DEVICE_FAMILY = "1,2";
			};
			name = Release;
		};
/* End XCBuildConfiguration section */

/* Begin XCConfigurationList section */
		46AAC6CD285546BE008BABCE /* Build configuration list for PBXProject "CoreDataManager" */ = {
			isa = XCConfigurationList;
			buildConfigurations = (
				46AAC6E3285546C2008BABCE /* Debug */,
				46AAC6E4285546C2008BABCE /* Release */,
			);
			defaultConfigurationIsVisible = 0;
			defaultConfigurationName = Release;
		};
		46AAC6E5285546C2008BABCE /* Build configuration list for PBXNativeTarget "CoreDataManager" */ = {
			isa = XCConfigurationList;
			buildConfigurations = (
				46AAC6E6285546C2008BABCE /* Debug */,
				46AAC6E7285546C2008BABCE /* Release */,
			);
			defaultConfigurationIsVisible = 0;
			defaultConfigurationName = Release;
		};
/* End XCConfigurationList section */

/* Begin XCVersionGroup section */
		46837581285623AC00FD4254 /* ContainerModel.xcdatamodeld */ = {
			isa = XCVersionGroup;
			children = (
				46837582285623AC00FD4254 /* ContainerModel.xcdatamodel */,
			);
			currentVersion = 46837582285623AC00FD4254 /* ContainerModel.xcdatamodel */;
			path = ContainerModel.xcdatamodeld;
			sourceTree = "<group>";
			versionGroupType = wrapper.xcdatamodel;
		};
/* End XCVersionGroup section */
	};
	rootObject = 46AAC6CA285546BE008BABCE /* Project object */;
}
